// !$*UTF8*$!
{
	archiveVersion = 1;
	classes = {
	};
	objectVersion = 56;
	objects = {

/* Begin PBXBuildFile section */
		24B57F5F29A488E8006121CE /* AppDelegate.swift in Sources */ = {isa = PBXBuildFile; fileRef = 24B57F5E29A488E8006121CE /* AppDelegate.swift */; };
		24B57F6129A488E8006121CE /* SceneDelegate.swift in Sources */ = {isa = PBXBuildFile; fileRef = 24B57F6029A488E8006121CE /* SceneDelegate.swift */; };
		24B57F6329A488E8006121CE /* ViewController.swift in Sources */ = {isa = PBXBuildFile; fileRef = 24B57F6229A488E8006121CE /* ViewController.swift */; };
		24B57F6629A488E8006121CE /* Main.storyboard in Resources */ = {isa = PBXBuildFile; fileRef = 24B57F6429A488E8006121CE /* Main.storyboard */; };
		24B57F6829A488EA006121CE /* Assets.xcassets in Resources */ = {isa = PBXBuildFile; fileRef = 24B57F6729A488EA006121CE /* Assets.xcassets */; };
		24B57F6B29A488EA006121CE /* LaunchScreen.storyboard in Resources */ = {isa = PBXBuildFile; fileRef = 24B57F6929A488EA006121CE /* LaunchScreen.storyboard */; };
		24B57F7729A49049006121CE /* APIService.swift in Sources */ = {isa = PBXBuildFile; fileRef = 24B57F7629A49049006121CE /* APIService.swift */; };
		24B57F7B29A49065006121CE /* MapModel.swift in Sources */ = {isa = PBXBuildFile; fileRef = 24B57F7A29A49065006121CE /* MapModel.swift */; };
		24B57F7D29A49077006121CE /* ScheduleModel.swift in Sources */ = {isa = PBXBuildFile; fileRef = 24B57F7C29A49077006121CE /* ScheduleModel.swift */; };
		24B57F7F29A49789006121CE /* MapViewModel.swift in Sources */ = {isa = PBXBuildFile; fileRef = 24B57F7E29A49789006121CE /* MapViewModel.swift */; };
		24F62CD729B86612006A76E8 /* Search.storyboard in Resources */ = {isa = PBXBuildFile; fileRef = 24F62CD629B86612006A76E8 /* Search.storyboard */; };
		24F62CDB29B8695E006A76E8 /* SearchTableViewController.swift in Sources */ = {isa = PBXBuildFile; fileRef = 24F62CDA29B8695E006A76E8 /* SearchTableViewController.swift */; };
		A118239029B6256200CE0CF5 /* SearchModel.swift in Sources */ = {isa = PBXBuildFile; fileRef = A118238F29B6256200CE0CF5 /* SearchModel.swift */; };
		A118239229B62BDE00CE0CF5 /* SearchViewModel.swift in Sources */ = {isa = PBXBuildFile; fileRef = A118239129B62BDE00CE0CF5 /* SearchViewModel.swift */; };
		A118239529BA35F900CE0CF5 /* SearchTableViewCell.swift in Sources */ = {isa = PBXBuildFile; fileRef = A118239329BA35F900CE0CF5 /* SearchTableViewCell.swift */; };
		A118239629BA35F900CE0CF5 /* SearchTableViewCell.xib in Resources */ = {isa = PBXBuildFile; fileRef = A118239429BA35F900CE0CF5 /* SearchTableViewCell.xib */; };
		A118239B29CB3DB100CE0CF5 /* Schedule.storyboard in Resources */ = {isa = PBXBuildFile; fileRef = A118239A29CB3DB100CE0CF5 /* Schedule.storyboard */; };
		A159D38729D466FB003D3252 /* RegisterScheduleViewController.swift in Sources */ = {isa = PBXBuildFile; fileRef = A159D38629D466FB003D3252 /* RegisterScheduleViewController.swift */; };
		A159D38A29E4314D003D3252 /* ScheduleCollectionViewCell.swift in Sources */ = {isa = PBXBuildFile; fileRef = A159D38829E4314D003D3252 /* ScheduleCollectionViewCell.swift */; };
		A1CA63BA29F17D8B00C6CDD2 /* RealmManager.swift in Sources */ = {isa = PBXBuildFile; fileRef = A1CA63B929F17D8B00C6CDD2 /* RealmManager.swift */; };
		A1E704D329F8031600D4FFDD /* ScheduleRealmModel.swift in Sources */ = {isa = PBXBuildFile; fileRef = A1E704D229F8031600D4FFDD /* ScheduleRealmModel.swift */; };
		F4B334AC1AE2E53E0316A566 /* Pods_CalendarMap.framework in Frameworks */ = {isa = PBXBuildFile; fileRef = C8A3715DFA297EE5923C20EE /* Pods_CalendarMap.framework */; };
/* End PBXBuildFile section */

/* Begin PBXFileReference section */
		24B57F5B29A488E8006121CE /* CalendarMap.app */ = {isa = PBXFileReference; explicitFileType = wrapper.application; includeInIndex = 0; path = CalendarMap.app; sourceTree = BUILT_PRODUCTS_DIR; };
		24B57F5E29A488E8006121CE /* AppDelegate.swift */ = {isa = PBXFileReference; lastKnownFileType = sourcecode.swift; path = AppDelegate.swift; sourceTree = "<group>"; };
		24B57F6029A488E8006121CE /* SceneDelegate.swift */ = {isa = PBXFileReference; lastKnownFileType = sourcecode.swift; path = SceneDelegate.swift; sourceTree = "<group>"; };
		24B57F6229A488E8006121CE /* ViewController.swift */ = {isa = PBXFileReference; lastKnownFileType = sourcecode.swift; path = ViewController.swift; sourceTree = "<group>"; };
		24B57F6529A488E8006121CE /* Base */ = {isa = PBXFileReference; lastKnownFileType = file.storyboard; name = Base; path = Base.lproj/Main.storyboard; sourceTree = "<group>"; };
		24B57F6729A488EA006121CE /* Assets.xcassets */ = {isa = PBXFileReference; lastKnownFileType = folder.assetcatalog; path = Assets.xcassets; sourceTree = "<group>"; };
		24B57F6A29A488EA006121CE /* Base */ = {isa = PBXFileReference; lastKnownFileType = file.storyboard; name = Base; path = Base.lproj/LaunchScreen.storyboard; sourceTree = "<group>"; };
		24B57F6C29A488EA006121CE /* Info.plist */ = {isa = PBXFileReference; lastKnownFileType = text.plist.xml; path = Info.plist; sourceTree = "<group>"; };
		24B57F7629A49049006121CE /* APIService.swift */ = {isa = PBXFileReference; lastKnownFileType = sourcecode.swift; path = APIService.swift; sourceTree = "<group>"; };
		24B57F7A29A49065006121CE /* MapModel.swift */ = {isa = PBXFileReference; lastKnownFileType = sourcecode.swift; path = MapModel.swift; sourceTree = "<group>"; };
		24B57F7C29A49077006121CE /* ScheduleModel.swift */ = {isa = PBXFileReference; lastKnownFileType = sourcecode.swift; path = ScheduleModel.swift; sourceTree = "<group>"; };
		24B57F7E29A49789006121CE /* MapViewModel.swift */ = {isa = PBXFileReference; lastKnownFileType = sourcecode.swift; path = MapViewModel.swift; sourceTree = "<group>"; };
		24F62CD629B86612006A76E8 /* Search.storyboard */ = {isa = PBXFileReference; lastKnownFileType = file.storyboard; path = Search.storyboard; sourceTree = "<group>"; };
		24F62CDA29B8695E006A76E8 /* SearchTableViewController.swift */ = {isa = PBXFileReference; lastKnownFileType = sourcecode.swift; path = SearchTableViewController.swift; sourceTree = "<group>"; };
		494DE532F80783D8BD58339C /* Pods-CalendarMap.debug.xcconfig */ = {isa = PBXFileReference; includeInIndex = 1; lastKnownFileType = text.xcconfig; name = "Pods-CalendarMap.debug.xcconfig"; path = "Target Support Files/Pods-CalendarMap/Pods-CalendarMap.debug.xcconfig"; sourceTree = "<group>"; };
		7737D72D77BB047BD9CCE057 /* Pods-CalendarMap.release.xcconfig */ = {isa = PBXFileReference; includeInIndex = 1; lastKnownFileType = text.xcconfig; name = "Pods-CalendarMap.release.xcconfig"; path = "Target Support Files/Pods-CalendarMap/Pods-CalendarMap.release.xcconfig"; sourceTree = "<group>"; };
		A118238F29B6256200CE0CF5 /* SearchModel.swift */ = {isa = PBXFileReference; lastKnownFileType = sourcecode.swift; path = SearchModel.swift; sourceTree = "<group>"; };
		A118239129B62BDE00CE0CF5 /* SearchViewModel.swift */ = {isa = PBXFileReference; lastKnownFileType = sourcecode.swift; path = SearchViewModel.swift; sourceTree = "<group>"; };
		A118239329BA35F900CE0CF5 /* SearchTableViewCell.swift */ = {isa = PBXFileReference; lastKnownFileType = sourcecode.swift; path = SearchTableViewCell.swift; sourceTree = "<group>"; };
		A118239429BA35F900CE0CF5 /* SearchTableViewCell.xib */ = {isa = PBXFileReference; lastKnownFileType = file.xib; path = SearchTableViewCell.xib; sourceTree = "<group>"; };
		A118239A29CB3DB100CE0CF5 /* Schedule.storyboard */ = {isa = PBXFileReference; lastKnownFileType = file.storyboard; path = Schedule.storyboard; sourceTree = "<group>"; };
		A159D38629D466FB003D3252 /* RegisterScheduleViewController.swift */ = {isa = PBXFileReference; lastKnownFileType = sourcecode.swift; path = RegisterScheduleViewController.swift; sourceTree = "<group>"; };
		A159D38829E4314D003D3252 /* ScheduleCollectionViewCell.swift */ = {isa = PBXFileReference; lastKnownFileType = sourcecode.swift; path = ScheduleCollectionViewCell.swift; sourceTree = "<group>"; };
		A1CA63B929F17D8B00C6CDD2 /* RealmManager.swift */ = {isa = PBXFileReference; lastKnownFileType = sourcecode.swift; path = RealmManager.swift; sourceTree = "<group>"; };
		A1E704D229F8031600D4FFDD /* ScheduleRealmModel.swift */ = {isa = PBXFileReference; lastKnownFileType = sourcecode.swift; path = ScheduleRealmModel.swift; sourceTree = "<group>"; };
		C8A3715DFA297EE5923C20EE /* Pods_CalendarMap.framework */ = {isa = PBXFileReference; explicitFileType = wrapper.framework; includeInIndex = 0; path = Pods_CalendarMap.framework; sourceTree = BUILT_PRODUCTS_DIR; };
/* End PBXFileReference section */

/* Begin PBXFrameworksBuildPhase section */
		24B57F5829A488E8006121CE /* Frameworks */ = {
			isa = PBXFrameworksBuildPhase;
			buildActionMask = 2147483647;
			files = (
				F4B334AC1AE2E53E0316A566 /* Pods_CalendarMap.framework in Frameworks */,
			);
			runOnlyForDeploymentPostprocessing = 0;
		};
/* End PBXFrameworksBuildPhase section */

/* Begin PBXGroup section */
		24B57F5229A488E8006121CE = {
			isa = PBXGroup;
			children = (
				24B57F5D29A488E8006121CE /* CalendarMap */,
				24B57F5C29A488E8006121CE /* Products */,
				44F9AB1CF8B55C441ADAA9D6 /* Pods */,
				E2D8AB760C6A924804313156 /* Frameworks */,
			);
			sourceTree = "<group>";
		};
		24B57F5C29A488E8006121CE /* Products */ = {
			isa = PBXGroup;
			children = (
				24B57F5B29A488E8006121CE /* CalendarMap.app */,
			);
			name = Products;
			sourceTree = "<group>";
		};
		24B57F5D29A488E8006121CE /* CalendarMap */ = {
			isa = PBXGroup;
			children = (
				A1C535482A0A9C0F00BF7344 /* Extensions */,
				A1C535442A02843600BF7344 /* Resources */,
				24B57F7429A49019006121CE /* Service */,
				24B57F7329A49015006121CE /* Model */,
				24B57F7229A49014006121CE /* ViewModel */,
				24B57F7529A4902A006121CE /* Scene */,
				24B57F5E29A488E8006121CE /* AppDelegate.swift */,
				24B57F6029A488E8006121CE /* SceneDelegate.swift */,
				24B57F6229A488E8006121CE /* ViewController.swift */,
				A1CA63B929F17D8B00C6CDD2 /* RealmManager.swift */,
				24B57F6429A488E8006121CE /* Main.storyboard */,
				24B57F6929A488EA006121CE /* LaunchScreen.storyboard */,
				24B57F6C29A488EA006121CE /* Info.plist */,
			);
			path = CalendarMap;
			sourceTree = "<group>";
		};
		24B57F7229A49014006121CE /* ViewModel */ = {
			isa = PBXGroup;
			children = (
				24B57F7E29A49789006121CE /* MapViewModel.swift */,
				A118239129B62BDE00CE0CF5 /* SearchViewModel.swift */,
			);
			path = ViewModel;
			sourceTree = "<group>";
		};
		24B57F7329A49015006121CE /* Model */ = {
			isa = PBXGroup;
			children = (
				A118238E29B6254C00CE0CF5 /* Search */,
				24B57F7929A4905B006121CE /* Schedule */,
				24B57F7829A49056006121CE /* Map */,
			);
			path = Model;
			sourceTree = "<group>";
		};
		24B57F7429A49019006121CE /* Service */ = {
			isa = PBXGroup;
			children = (
				24B57F7629A49049006121CE /* APIService.swift */,
			);
			path = Service;
			sourceTree = "<group>";
		};
		24B57F7529A4902A006121CE /* Scene */ = {
			isa = PBXGroup;
			children = (
				A118239729CB3D5F00CE0CF5 /* Schedule */,
				24F62CD529B86605006A76E8 /* Search */,
			);
			path = Scene;
			sourceTree = "<group>";
		};
		24B57F7829A49056006121CE /* Map */ = {
			isa = PBXGroup;
			children = (
				24B57F7A29A49065006121CE /* MapModel.swift */,
			);
			path = Map;
			sourceTree = "<group>";
		};
		24B57F7929A4905B006121CE /* Schedule */ = {
			isa = PBXGroup;
			children = (
				24B57F7C29A49077006121CE /* ScheduleModel.swift */,
				A1E704D229F8031600D4FFDD /* ScheduleRealmModel.swift */,
			);
			path = Schedule;
			sourceTree = "<group>";
		};
		24F62CD529B86605006A76E8 /* Search */ = {
			isa = PBXGroup;
			children = (
				24F62CD629B86612006A76E8 /* Search.storyboard */,
				24F62CDA29B8695E006A76E8 /* SearchTableViewController.swift */,
				A118239429BA35F900CE0CF5 /* SearchTableViewCell.xib */,
				A118239329BA35F900CE0CF5 /* SearchTableViewCell.swift */,
			);
			path = Search;
			sourceTree = "<group>";
		};
		44F9AB1CF8B55C441ADAA9D6 /* Pods */ = {
			isa = PBXGroup;
			children = (
				494DE532F80783D8BD58339C /* Pods-CalendarMap.debug.xcconfig */,
				7737D72D77BB047BD9CCE057 /* Pods-CalendarMap.release.xcconfig */,
			);
			path = Pods;
			sourceTree = "<group>";
		};
		A118238E29B6254C00CE0CF5 /* Search */ = {
			isa = PBXGroup;
			children = (
				A118238F29B6256200CE0CF5 /* SearchModel.swift */,
			);
			path = Search;
			sourceTree = "<group>";
		};
		A118239729CB3D5F00CE0CF5 /* Schedule */ = {
			isa = PBXGroup;
			children = (
				A118239A29CB3DB100CE0CF5 /* Schedule.storyboard */,
				A159D38629D466FB003D3252 /* RegisterScheduleViewController.swift */,
				A159D38829E4314D003D3252 /* ScheduleCollectionViewCell.swift */,
			);
			path = Schedule;
			sourceTree = "<group>";
		};
		A1C535442A02843600BF7344 /* Resources */ = {
			isa = PBXGroup;
			children = (
				A1C535462A02845700BF7344 /* Images */,
				A1C535452A02845100BF7344 /* Fonts */,
			);
			path = Resources;
			sourceTree = "<group>";
		};
		A1C535452A02845100BF7344 /* Fonts */ = {
			isa = PBXGroup;
			children = (
			);
			path = Fonts;
			sourceTree = "<group>";
		};
		A1C535462A02845700BF7344 /* Images */ = {
			isa = PBXGroup;
			children = (
				24B57F6729A488EA006121CE /* Assets.xcassets */,
			);
			path = Images;
			sourceTree = "<group>";
		};
		A1C535482A0A9C0F00BF7344 /* Extensions */ = {
			isa = PBXGroup;
			children = (
			);
			path = Extensions;
			sourceTree = "<group>";
		};
		E2D8AB760C6A924804313156 /* Frameworks */ = {
			isa = PBXGroup;
			children = (
				C8A3715DFA297EE5923C20EE /* Pods_CalendarMap.framework */,
			);
			name = Frameworks;
			sourceTree = "<group>";
		};
/* End PBXGroup section */

/* Begin PBXNativeTarget section */
		24B57F5A29A488E8006121CE /* CalendarMap */ = {
			isa = PBXNativeTarget;
			buildConfigurationList = 24B57F6F29A488EA006121CE /* Build configuration list for PBXNativeTarget "CalendarMap" */;
			buildPhases = (
				93C7EE02972D7F4C82C229EE /* [CP] Check Pods Manifest.lock */,
				24B57F5729A488E8006121CE /* Sources */,
				24B57F5829A488E8006121CE /* Frameworks */,
				24B57F5929A488E8006121CE /* Resources */,
				E341D552AEE09EBEC8A5CD8D /* [CP] Embed Pods Frameworks */,
			);
			buildRules = (
			);
			dependencies = (
			);
			name = CalendarMap;
			productName = CalendarMap;
			productReference = 24B57F5B29A488E8006121CE /* CalendarMap.app */;
			productType = "com.apple.product-type.application";
		};
/* End PBXNativeTarget section */

/* Begin PBXProject section */
		24B57F5329A488E8006121CE /* Project object */ = {
			isa = PBXProject;
			attributes = {
				BuildIndependentTargetsInParallel = 1;
				LastSwiftUpdateCheck = 1400;
				LastUpgradeCheck = 1400;
				TargetAttributes = {
					24B57F5A29A488E8006121CE = {
						CreatedOnToolsVersion = 14.0;
					};
				};
			};
			buildConfigurationList = 24B57F5629A488E8006121CE /* Build configuration list for PBXProject "CalendarMap" */;
			compatibilityVersion = "Xcode 14.0";
			developmentRegion = en;
			hasScannedForEncodings = 0;
			knownRegions = (
				en,
				Base,
			);
			mainGroup = 24B57F5229A488E8006121CE;
			productRefGroup = 24B57F5C29A488E8006121CE /* Products */;
			projectDirPath = "";
			projectRoot = "";
			targets = (
				24B57F5A29A488E8006121CE /* CalendarMap */,
			);
		};
/* End PBXProject section */

/* Begin PBXResourcesBuildPhase section */
		24B57F5929A488E8006121CE /* Resources */ = {
			isa = PBXResourcesBuildPhase;
			buildActionMask = 2147483647;
			files = (
				24B57F6B29A488EA006121CE /* LaunchScreen.storyboard in Resources */,
				24B57F6829A488EA006121CE /* Assets.xcassets in Resources */,
				24F62CD729B86612006A76E8 /* Search.storyboard in Resources */,
				24B57F6629A488E8006121CE /* Main.storyboard in Resources */,
				A118239629BA35F900CE0CF5 /* SearchTableViewCell.xib in Resources */,
				A118239B29CB3DB100CE0CF5 /* Schedule.storyboard in Resources */,
			);
			runOnlyForDeploymentPostprocessing = 0;
		};
/* End PBXResourcesBuildPhase section */

/* Begin PBXShellScriptBuildPhase section */
		93C7EE02972D7F4C82C229EE /* [CP] Check Pods Manifest.lock */ = {
			isa = PBXShellScriptBuildPhase;
			buildActionMask = 2147483647;
			files = (
			);
			inputFileListPaths = (
			);
			inputPaths = (
				"${PODS_PODFILE_DIR_PATH}/Podfile.lock",
				"${PODS_ROOT}/Manifest.lock",
			);
			name = "[CP] Check Pods Manifest.lock";
			outputFileListPaths = (
			);
			outputPaths = (
				"$(DERIVED_FILE_DIR)/Pods-CalendarMap-checkManifestLockResult.txt",
			);
			runOnlyForDeploymentPostprocessing = 0;
			shellPath = /bin/sh;
			shellScript = "diff \"${PODS_PODFILE_DIR_PATH}/Podfile.lock\" \"${PODS_ROOT}/Manifest.lock\" > /dev/null\nif [ $? != 0 ] ; then\n    # print error to STDERR\n    echo \"error: The sandbox is not in sync with the Podfile.lock. Run 'pod install' or update your CocoaPods installation.\" >&2\n    exit 1\nfi\n# This output is used by Xcode 'outputs' to avoid re-running this script phase.\necho \"SUCCESS\" > \"${SCRIPT_OUTPUT_FILE_0}\"\n";
			showEnvVarsInLog = 0;
		};
		E341D552AEE09EBEC8A5CD8D /* [CP] Embed Pods Frameworks */ = {
			isa = PBXShellScriptBuildPhase;
			buildActionMask = 2147483647;
			files = (
			);
			inputFileListPaths = (
				"${PODS_ROOT}/Target Support Files/Pods-CalendarMap/Pods-CalendarMap-frameworks-${CONFIGURATION}-input-files.xcfilelist",
			);
			name = "[CP] Embed Pods Frameworks";
			outputFileListPaths = (
				"${PODS_ROOT}/Target Support Files/Pods-CalendarMap/Pods-CalendarMap-frameworks-${CONFIGURATION}-output-files.xcfilelist",
			);
			runOnlyForDeploymentPostprocessing = 0;
			shellPath = /bin/sh;
			shellScript = "\"${PODS_ROOT}/Target Support Files/Pods-CalendarMap/Pods-CalendarMap-frameworks.sh\"\n";
			showEnvVarsInLog = 0;
		};
/* End PBXShellScriptBuildPhase section */

/* Begin PBXSourcesBuildPhase section */
		24B57F5729A488E8006121CE /* Sources */ = {
			isa = PBXSourcesBuildPhase;
			buildActionMask = 2147483647;
			files = (
				24F62CDB29B8695E006A76E8 /* SearchTableViewController.swift in Sources */,
				24B57F7D29A49077006121CE /* ScheduleModel.swift in Sources */,
				24B57F6329A488E8006121CE /* ViewController.swift in Sources */,
				24B57F7B29A49065006121CE /* MapModel.swift in Sources */,
				A159D38729D466FB003D3252 /* RegisterScheduleViewController.swift in Sources */,
				A1CA63BA29F17D8B00C6CDD2 /* RealmManager.swift in Sources */,
				A118239529BA35F900CE0CF5 /* SearchTableViewCell.swift in Sources */,
				A1E704D329F8031600D4FFDD /* ScheduleRealmModel.swift in Sources */,
				A118239029B6256200CE0CF5 /* SearchModel.swift in Sources */,
				A159D38A29E4314D003D3252 /* ScheduleCollectionViewCell.swift in Sources */,
				24B57F5F29A488E8006121CE /* AppDelegate.swift in Sources */,
				24B57F7F29A49789006121CE /* MapViewModel.swift in Sources */,
				A118239229B62BDE00CE0CF5 /* SearchViewModel.swift in Sources */,
				24B57F7729A49049006121CE /* APIService.swift in Sources */,
				24B57F6129A488E8006121CE /* SceneDelegate.swift in Sources */,
			);
			runOnlyForDeploymentPostprocessing = 0;
		};
/* End PBXSourcesBuildPhase section */

/* Begin PBXVariantGroup section */
		24B57F6429A488E8006121CE /* Main.storyboard */ = {
			isa = PBXVariantGroup;
			children = (
				24B57F6529A488E8006121CE /* Base */,
			);
			name = Main.storyboard;
			sourceTree = "<group>";
		};
		24B57F6929A488EA006121CE /* LaunchScreen.storyboard */ = {
			isa = PBXVariantGroup;
			children = (
				24B57F6A29A488EA006121CE /* Base */,
			);
			name = LaunchScreen.storyboard;
			sourceTree = "<group>";
		};
/* End PBXVariantGroup section */

/* Begin XCBuildConfiguration section */
		24B57F6D29A488EA006121CE /* Debug */ = {
			isa = XCBuildConfiguration;
			buildSettings = {
				ALWAYS_SEARCH_USER_PATHS = NO;
				CLANG_ANALYZER_NONNULL = YES;
				CLANG_ANALYZER_NUMBER_OBJECT_CONVERSION = YES_AGGRESSIVE;
				CLANG_CXX_LANGUAGE_STANDARD = "gnu++20";
				CLANG_ENABLE_MODULES = YES;
				CLANG_ENABLE_OBJC_ARC = YES;
				CLANG_ENABLE_OBJC_WEAK = YES;
				CLANG_WARN_BLOCK_CAPTURE_AUTORELEASING = YES;
				CLANG_WARN_BOOL_CONVERSION = YES;
				CLANG_WARN_COMMA = YES;
				CLANG_WARN_CONSTANT_CONVERSION = YES;
				CLANG_WARN_DEPRECATED_OBJC_IMPLEMENTATIONS = YES;
				CLANG_WARN_DIRECT_OBJC_ISA_USAGE = YES_ERROR;
				CLANG_WARN_DOCUMENTATION_COMMENTS = YES;
				CLANG_WARN_EMPTY_BODY = YES;
				CLANG_WARN_ENUM_CONVERSION = YES;
				CLANG_WARN_INFINITE_RECURSION = YES;
				CLANG_WARN_INT_CONVERSION = YES;
				CLANG_WARN_NON_LITERAL_NULL_CONVERSION = YES;
				CLANG_WARN_OBJC_IMPLICIT_RETAIN_SELF = YES;
				CLANG_WARN_OBJC_LITERAL_CONVERSION = YES;
				CLANG_WARN_OBJC_ROOT_CLASS = YES_ERROR;
				CLANG_WARN_QUOTED_INCLUDE_IN_FRAMEWORK_HEADER = YES;
				CLANG_WARN_RANGE_LOOP_ANALYSIS = YES;
				CLANG_WARN_STRICT_PROTOTYPES = YES;
				CLANG_WARN_SUSPICIOUS_MOVE = YES;
				CLANG_WARN_UNGUARDED_AVAILABILITY = YES_AGGRESSIVE;
				CLANG_WARN_UNREACHABLE_CODE = YES;
				CLANG_WARN__DUPLICATE_METHOD_MATCH = YES;
				COPY_PHASE_STRIP = NO;
				DEBUG_INFORMATION_FORMAT = dwarf;
				ENABLE_STRICT_OBJC_MSGSEND = YES;
				ENABLE_TESTABILITY = YES;
				GCC_C_LANGUAGE_STANDARD = gnu11;
				GCC_DYNAMIC_NO_PIC = NO;
				GCC_NO_COMMON_BLOCKS = YES;
				GCC_OPTIMIZATION_LEVEL = 0;
				GCC_PREPROCESSOR_DEFINITIONS = (
					"DEBUG=1",
					"$(inherited)",
				);
				GCC_WARN_64_TO_32_BIT_CONVERSION = YES;
				GCC_WARN_ABOUT_RETURN_TYPE = YES_ERROR;
				GCC_WARN_UNDECLARED_SELECTOR = YES;
				GCC_WARN_UNINITIALIZED_AUTOS = YES_AGGRESSIVE;
				GCC_WARN_UNUSED_FUNCTION = YES;
				GCC_WARN_UNUSED_VARIABLE = YES;
				IPHONEOS_DEPLOYMENT_TARGET = 13.0;
				MTL_ENABLE_DEBUG_INFO = INCLUDE_SOURCE;
				MTL_FAST_MATH = YES;
				ONLY_ACTIVE_ARCH = YES;
				SDKROOT = iphoneos;
				SWIFT_ACTIVE_COMPILATION_CONDITIONS = DEBUG;
				SWIFT_OPTIMIZATION_LEVEL = "-Onone";
			};
			name = Debug;
		};
		24B57F6E29A488EA006121CE /* Release */ = {
			isa = XCBuildConfiguration;
			buildSettings = {
				ALWAYS_SEARCH_USER_PATHS = NO;
				CLANG_ANALYZER_NONNULL = YES;
				CLANG_ANALYZER_NUMBER_OBJECT_CONVERSION = YES_AGGRESSIVE;
				CLANG_CXX_LANGUAGE_STANDARD = "gnu++20";
				CLANG_ENABLE_MODULES = YES;
				CLANG_ENABLE_OBJC_ARC = YES;
				CLANG_ENABLE_OBJC_WEAK = YES;
				CLANG_WARN_BLOCK_CAPTURE_AUTORELEASING = YES;
				CLANG_WARN_BOOL_CONVERSION = YES;
				CLANG_WARN_COMMA = YES;
				CLANG_WARN_CONSTANT_CONVERSION = YES;
				CLANG_WARN_DEPRECATED_OBJC_IMPLEMENTATIONS = YES;
				CLANG_WARN_DIRECT_OBJC_ISA_USAGE = YES_ERROR;
				CLANG_WARN_DOCUMENTATION_COMMENTS = YES;
				CLANG_WARN_EMPTY_BODY = YES;
				CLANG_WARN_ENUM_CONVERSION = YES;
				CLANG_WARN_INFINITE_RECURSION = YES;
				CLANG_WARN_INT_CONVERSION = YES;
				CLANG_WARN_NON_LITERAL_NULL_CONVERSION = YES;
				CLANG_WARN_OBJC_IMPLICIT_RETAIN_SELF = YES;
				CLANG_WARN_OBJC_LITERAL_CONVERSION = YES;
				CLANG_WARN_OBJC_ROOT_CLASS = YES_ERROR;
				CLANG_WARN_QUOTED_INCLUDE_IN_FRAMEWORK_HEADER = YES;
				CLANG_WARN_RANGE_LOOP_ANALYSIS = YES;
				CLANG_WARN_STRICT_PROTOTYPES = YES;
				CLANG_WARN_SUSPICIOUS_MOVE = YES;
				CLANG_WARN_UNGUARDED_AVAILABILITY = YES_AGGRESSIVE;
				CLANG_WARN_UNREACHABLE_CODE = YES;
				CLANG_WARN__DUPLICATE_METHOD_MATCH = YES;
				COPY_PHASE_STRIP = NO;
				DEBUG_INFORMATION_FORMAT = "dwarf-with-dsym";
				ENABLE_NS_ASSERTIONS = NO;
				ENABLE_STRICT_OBJC_MSGSEND = YES;
				GCC_C_LANGUAGE_STANDARD = gnu11;
				GCC_NO_COMMON_BLOCKS = YES;
				GCC_WARN_64_TO_32_BIT_CONVERSION = YES;
				GCC_WARN_ABOUT_RETURN_TYPE = YES_ERROR;
				GCC_WARN_UNDECLARED_SELECTOR = YES;
				GCC_WARN_UNINITIALIZED_AUTOS = YES_AGGRESSIVE;
				GCC_WARN_UNUSED_FUNCTION = YES;
				GCC_WARN_UNUSED_VARIABLE = YES;
				IPHONEOS_DEPLOYMENT_TARGET = 13.0;
				MTL_ENABLE_DEBUG_INFO = NO;
				MTL_FAST_MATH = YES;
				SDKROOT = iphoneos;
				SWIFT_COMPILATION_MODE = wholemodule;
				SWIFT_OPTIMIZATION_LEVEL = "-O";
				VALIDATE_PRODUCT = YES;
			};
			name = Release;
		};
		24B57F7029A488EA006121CE /* Debug */ = {
			isa = XCBuildConfiguration;
			baseConfigurationReference = 494DE532F80783D8BD58339C /* Pods-CalendarMap.debug.xcconfig */;
			buildSettings = {
				ASSETCATALOG_COMPILER_APPICON_NAME = AppIcon;
				ASSETCATALOG_COMPILER_GLOBAL_ACCENT_COLOR_NAME = AccentColor;
				CODE_SIGN_STYLE = Automatic;
				CURRENT_PROJECT_VERSION = 1;
				DEVELOPMENT_TEAM = XZM3XQ6ZMC;
				GENERATE_INFOPLIST_FILE = YES;
				INFOPLIST_FILE = CalendarMap/Info.plist;
				INFOPLIST_KEY_UIApplicationSupportsIndirectInputEvents = YES;
				INFOPLIST_KEY_UILaunchStoryboardName = LaunchScreen;
				INFOPLIST_KEY_UIMainStoryboardFile = Main;
				INFOPLIST_KEY_UISupportedInterfaceOrientations_iPad = "UIInterfaceOrientationPortrait UIInterfaceOrientationPortraitUpsideDown UIInterfaceOrientationLandscapeLeft UIInterfaceOrientationLandscapeRight";
				INFOPLIST_KEY_UISupportedInterfaceOrientations_iPhone = "UIInterfaceOrientationPortrait UIInterfaceOrientationLandscapeLeft UIInterfaceOrientationLandscapeRight";
				IPHONEOS_DEPLOYMENT_TARGET = 13.0;
				LD_RUNPATH_SEARCH_PATHS = (
					"$(inherited)",
					"@executable_path/Frameworks",
				);
				MARKETING_VERSION = 1.0;
				PRODUCT_BUNDLE_IDENTIFIER = com.bye9.CalendarMap;
				PRODUCT_NAME = "$(TARGET_NAME)";
				SWIFT_EMIT_LOC_STRINGS = YES;
				SWIFT_VERSION = 5.0;
				TARGETED_DEVICE_FAMILY = "1,2";
			};
			name = Debug;
		};
		24B57F7129A488EA006121CE /* Release */ = {
			isa = XCBuildConfiguration;
			baseConfigurationReference = 7737D72D77BB047BD9CCE057 /* Pods-CalendarMap.release.xcconfig */;
			buildSettings = {
				ASSETCATALOG_COMPILER_APPICON_NAME = AppIcon;
				ASSETCATALOG_COMPILER_GLOBAL_ACCENT_COLOR_NAME = AccentColor;
				CODE_SIGN_STYLE = Automatic;
				CURRENT_PROJECT_VERSION = 1;
				DEVELOPMENT_TEAM = XZM3XQ6ZMC;
				GENERATE_INFOPLIST_FILE = YES;
				INFOPLIST_FILE = CalendarMap/Info.plist;
				INFOPLIST_KEY_UIApplicationSupportsIndirectInputEvents = YES;
				INFOPLIST_KEY_UILaunchStoryboardName = LaunchScreen;
				INFOPLIST_KEY_UIMainStoryboardFile = Main;
				INFOPLIST_KEY_UISupportedInterfaceOrientations_iPad = "UIInterfaceOrientationPortrait UIInterfaceOrientationPortraitUpsideDown UIInterfaceOrientationLandscapeLeft UIInterfaceOrientationLandscapeRight";
				INFOPLIST_KEY_UISupportedInterfaceOrientations_iPhone = "UIInterfaceOrientationPortrait UIInterfaceOrientationLandscapeLeft UIInterfaceOrientationLandscapeRight";
				IPHONEOS_DEPLOYMENT_TARGET = 13.0;
				LD_RUNPATH_SEARCH_PATHS = (
					"$(inherited)",
					"@executable_path/Frameworks",
				);
				MARKETING_VERSION = 1.0;
				PRODUCT_BUNDLE_IDENTIFIER = com.bye9.CalendarMap;
				PRODUCT_NAME = "$(TARGET_NAME)";
				SWIFT_EMIT_LOC_STRINGS = YES;
				SWIFT_VERSION = 5.0;
				TARGETED_DEVICE_FAMILY = "1,2";
			};
			name = Release;
		};
/* End XCBuildConfiguration section */

/* Begin XCConfigurationList section */
		24B57F5629A488E8006121CE /* Build configuration list for PBXProject "CalendarMap" */ = {
			isa = XCConfigurationList;
			buildConfigurations = (
				24B57F6D29A488EA006121CE /* Debug */,
				24B57F6E29A488EA006121CE /* Release */,
			);
			defaultConfigurationIsVisible = 0;
			defaultConfigurationName = Release;
		};
		24B57F6F29A488EA006121CE /* Build configuration list for PBXNativeTarget "CalendarMap" */ = {
			isa = XCConfigurationList;
			buildConfigurations = (
				24B57F7029A488EA006121CE /* Debug */,
				24B57F7129A488EA006121CE /* Release */,
			);
			defaultConfigurationIsVisible = 0;
			defaultConfigurationName = Release;
		};
/* End XCConfigurationList section */
	};
	rootObject = 24B57F5329A488E8006121CE /* Project object */;
}
